
Microsoft Visual Studio Solution File, Format Version 12.00
# Visual Studio Version 17
VisualStudioVersion = 17.2.32616.157
MinimumVisualStudioVersion = 10.0.40219.1
Project("{FAE04EC0-301F-11D3-BF4B-00C04F79EFBC}") = "WasmNonServiceWorkerPrerender", "WasmNonServiceWorkerPrerender\WasmNonServiceWorkerPrerender.csproj", "{5ADEDE0D-B9E3-4E94-BBE2-053737B66624}"
EndProject
Global
	GlobalSection(SolutionConfigurationPlatforms) = preSolution
		Debug|Any CPU = Debug|Any CPU
		Release|Any CPU = Release|Any CPU
	EndGlobalSection
	GlobalSection(ProjectConfigurationPlatforms) = postSolution
		{5ADEDE0D-B9E3-4E94-BBE2-053737B66624}.Debug|Any CPU.ActiveCfg = Debug|Any CPU
		{5ADEDE0D-B9E3-4E94-BBE2-053737B66624}.Debug|Any CPU.Build.0 = Debug|Any CPU
		{5ADEDE0D-B9E3-4E94-BBE2-053737B66624}.Release|Any CPU.ActiveCfg = Release|Any CPU
		{5ADEDE0D-B9E3-4E94-BBE2-053737B66624}.Release|Any CPU.Build.0 = Release|Any CPU
	EndGlobalSection
	GlobalSection(SolutionProperties) = preSolution
		HideSolutionNode = FALSE
	EndGlobalSection
	GlobalSection(ExtensibilityGlobals) = postSolution
		SolutionGuid = {51732BA2-2F54-43A8-ABC5-04AA9D439870}
	EndGlobalSection
EndGlobal
